
Microsoft Visual Studio Solution File, Format Version 11.00
# Visual Studio 2010
Project("{8BC9CEB8-8B4A-11D0-8D11-00A0C91BC942}") = "sokoban", "sokoban\sokoban.vcxproj", "{F9274DAE-1E53-49D9-AFBF-F754B9024371}"
EndProject
Global
	GlobalSection(SolutionConfigurationPlatforms) = preSolution
		Debug|Win32 = Debug|Win32
		Release|Win32 = Release|Win32
	EndGlobalSection
	GlobalSection(ProjectConfigurationPlatforms) = postSolution
		{F9274DAE-1E53-49D9-AFBF-F754B9024371}.Debug|Win32.ActiveCfg = Debug|Win32
		{F9274DAE-1E53-49D9-AFBF-F754B9024371}.Debug|Win32.Build.0 = Debug|Win32
		{F9274DAE-1E53-49D9-AFBF-F754B9024371}.Release|Win32.ActiveCfg = Release|Win32
		{F9274DAE-1E53-49D9-AFBF-F754B9024371}.Release|Win32.Build.0 = Release|Win32
	EndGlobalSection
	GlobalSection(SolutionProperties) = preSolution
		HideSolutionNode = FALSE
	EndGlobalSection
EndGlobal
